
Microsoft Visual Studio Solution File, Format Version 12.00
# Visual Studio Version 17
VisualStudioVersion = 17.0.31903.59
MinimumVisualStudioVersion = 10.0.40219.1
Project("{2150E333-8FDC-42A3-9474-1A3956D46DE8}") = "tests", "tests", "{95362A89-6082-473A-A1B2-9886AB891E02}"
EndProject
Project("{9A19103F-16F7-4668-BE54-9A1E7A4F7556}") = "FastTech.Tests", "tests\FastTech.Tests\FastTech.Tests.csproj", "{4EBE0480-4EC6-4C5C-A964-021F04818677}"
EndProject
Project("{2150E333-8FDC-42A3-9474-1A3956D46DE8}") = "FastTechKitchen", "FastTechKitchen", "{B6E3A3E7-F59D-42C0-9120-BD61297E2D01}"
EndProject
Project("{2150E333-8FDC-42A3-9474-1A3956D46DE8}") = "FastTechCore", "FastTechCore", "{E2B88BC6-C640-4EDA-A689-45E62A86DC27}"
EndProject
Project("{9A19103F-16F7-4668-BE54-9A1E7A4F7556}") = "FasTechKitchen.Api", "FasTechKitchenApi\FasTechKitchen.Api.csproj", "{2EA6DFDA-0324-4263-B628-0BD94D9C445B}"
EndProject
Project("{9A19103F-16F7-4668-BE54-9A1E7A4F7556}") = "FastTechKitchen.Application", "FastTechKitchenApplication\FastTechKitchen.Application.csproj", "{6D15FB32-B6AA-4085-A535-9A86A771E89B}"
EndProject
Project("{9A19103F-16F7-4668-BE54-9A1E7A4F7556}") = "FastTechKitchen.Domain", "FastTechKitchen.Domain\FastTechKitchen.Domain.csproj", "{75838F1A-7A68-46E2-BF96-DAE2C34B626D}"
EndProject
Project("{9A19103F-16F7-4668-BE54-9A1E7A4F7556}") = "FastTechKitchen.Infraestructure", "FastTechKitchen.Infraestructure\FastTechKitchen.Infraestructure.csproj", "{A20791DA-3ED3-4094-B74C-59FA40234962}"
EndProject
Global
	GlobalSection(SolutionConfigurationPlatforms) = preSolution
		Debug|Any CPU = Debug|Any CPU
		Release|Any CPU = Release|Any CPU
	EndGlobalSection
	GlobalSection(ProjectConfigurationPlatforms) = postSolution
		{4EBE0480-4EC6-4C5C-A964-021F04818677}.Debug|Any CPU.ActiveCfg = Debug|Any CPU
		{4EBE0480-4EC6-4C5C-A964-021F04818677}.Debug|Any CPU.Build.0 = Debug|Any CPU
		{4EBE0480-4EC6-4C5C-A964-021F04818677}.Release|Any CPU.ActiveCfg = Release|Any CPU
		{4EBE0480-4EC6-4C5C-A964-021F04818677}.Release|Any CPU.Build.0 = Release|Any CPU
		{2EA6DFDA-0324-4263-B628-0BD94D9C445B}.Debug|Any CPU.ActiveCfg = Debug|Any CPU
		{2EA6DFDA-0324-4263-B628-0BD94D9C445B}.Debug|Any CPU.Build.0 = Debug|Any CPU
		{2EA6DFDA-0324-4263-B628-0BD94D9C445B}.Release|Any CPU.ActiveCfg = Release|Any CPU
		{2EA6DFDA-0324-4263-B628-0BD94D9C445B}.Release|Any CPU.Build.0 = Release|Any CPU
		{6D15FB32-B6AA-4085-A535-9A86A771E89B}.Debug|Any CPU.ActiveCfg = Debug|Any CPU
		{6D15FB32-B6AA-4085-A535-9A86A771E89B}.Debug|Any CPU.Build.0 = Debug|Any CPU
		{6D15FB32-B6AA-4085-A535-9A86A771E89B}.Release|Any CPU.ActiveCfg = Release|Any CPU
		{6D15FB32-B6AA-4085-A535-9A86A771E89B}.Release|Any CPU.Build.0 = Release|Any CPU
		{75838F1A-7A68-46E2-BF96-DAE2C34B626D}.Debug|Any CPU.ActiveCfg = Debug|Any CPU
		{75838F1A-7A68-46E2-BF96-DAE2C34B626D}.Debug|Any CPU.Build.0 = Debug|Any CPU
		{75838F1A-7A68-46E2-BF96-DAE2C34B626D}.Release|Any CPU.ActiveCfg = Release|Any CPU
		{75838F1A-7A68-46E2-BF96-DAE2C34B626D}.Release|Any CPU.Build.0 = Release|Any CPU
		{A20791DA-3ED3-4094-B74C-59FA40234962}.Debug|Any CPU.ActiveCfg = Debug|Any CPU
		{A20791DA-3ED3-4094-B74C-59FA40234962}.Debug|Any CPU.Build.0 = Debug|Any CPU
		{A20791DA-3ED3-4094-B74C-59FA40234962}.Release|Any CPU.ActiveCfg = Release|Any CPU
		{A20791DA-3ED3-4094-B74C-59FA40234962}.Release|Any CPU.Build.0 = Release|Any CPU
	EndGlobalSection
	GlobalSection(SolutionProperties) = preSolution
		HideSolutionNode = FALSE
	EndGlobalSection
	GlobalSection(NestedProjects) = preSolution
		{4EBE0480-4EC6-4C5C-A964-021F04818677} = {95362A89-6082-473A-A1B2-9886AB891E02}
		{2EA6DFDA-0324-4263-B628-0BD94D9C445B} = {B6E3A3E7-F59D-42C0-9120-BD61297E2D01}
		{6D15FB32-B6AA-4085-A535-9A86A771E89B} = {B6E3A3E7-F59D-42C0-9120-BD61297E2D01}
		{75838F1A-7A68-46E2-BF96-DAE2C34B626D} = {B6E3A3E7-F59D-42C0-9120-BD61297E2D01}
		{A20791DA-3ED3-4094-B74C-59FA40234962} = {B6E3A3E7-F59D-42C0-9120-BD61297E2D01}
	EndGlobalSection
	GlobalSection(ExtensibilityGlobals) = postSolution
		SolutionGuid = {B5E244B5-DC49-48E4-9F16-AF62439E8D9C}
	EndGlobalSection
EndGlobal
