
Microsoft Visual Studio Solution File, Format Version 12.00
# Visual Studio Version 17
VisualStudioVersion = 17.0.31903.59
MinimumVisualStudioVersion = 10.0.40219.1
Project("{9A19103F-16F7-4668-BE54-9A1E7A4F7556}") = "FastTech.Api", "src\FastTech.Api\FastTech.Api.csproj", "{D64725D3-9D39-4D46-A3E8-7EFA70F6C2B7}"
EndProject
Project("{9A19103F-16F7-4668-BE54-9A1E7A4F7556}") = "FastTech.Application", "src\FastTech.Application\FastTech.Application.csproj", "{E5541371-D391-4417-8CB4-EEF26A51D71E}"
EndProject
Project("{9A19103F-16F7-4668-BE54-9A1E7A4F7556}") = "FastTech.Domain", "src\FastTech.Domain\FastTech.Domain.csproj", "{C74232D7-1176-4814-B339-8078218DBF2F}"
EndProject
Project("{9A19103F-16F7-4668-BE54-9A1E7A4F7556}") = "FastTech.Infrastructure", "src\FastTech.Infrastructure\FastTech.Infrastructure.csproj", "{4B858C12-3B34-4DDA-9821-BF731770D70B}"
EndProject
Project("{2150E333-8FDC-42A3-9474-1A3956D46DE8}") = "tests", "tests", "{95362A89-6082-473A-A1B2-9886AB891E02}"
EndProject
Project("{9A19103F-16F7-4668-BE54-9A1E7A4F7556}") = "FastTech.Tests", "tests\FastTech.Tests\FastTech.Tests.csproj", "{4EBE0480-4EC6-4C5C-A964-021F04818677}"
EndProject
Project("{2150E333-8FDC-42A3-9474-1A3956D46DE8}") = "FastTech", "FastTech", "{E2B88BC6-C640-4EDA-A689-45E62A86DC27}"
EndProject
Project("{2150E333-8FDC-42A3-9474-1A3956D46DE8}") = "FastTechKitchen", "FastTechKitchen", "{B6E3A3E7-F59D-42C0-9120-BD61297E2D01}"
EndProject
Project("{E53339B2-1760-4266-BCC7-CA923CBCF16C}") = "docker-compose", "docker-compose.dcproj", "{1035FEA7-FAC1-4D12-8F8F-82318D064FED}"
EndProject
Global
	GlobalSection(SolutionConfigurationPlatforms) = preSolution
		Debug|Any CPU = Debug|Any CPU
		Release|Any CPU = Release|Any CPU
	EndGlobalSection
	GlobalSection(ProjectConfigurationPlatforms) = postSolution
		{D64725D3-9D39-4D46-A3E8-7EFA70F6C2B7}.Debug|Any CPU.ActiveCfg = Debug|Any CPU
		{D64725D3-9D39-4D46-A3E8-7EFA70F6C2B7}.Debug|Any CPU.Build.0 = Debug|Any CPU
		{D64725D3-9D39-4D46-A3E8-7EFA70F6C2B7}.Release|Any CPU.ActiveCfg = Release|Any CPU
		{D64725D3-9D39-4D46-A3E8-7EFA70F6C2B7}.Release|Any CPU.Build.0 = Release|Any CPU
		{E5541371-D391-4417-8CB4-EEF26A51D71E}.Debug|Any CPU.ActiveCfg = Debug|Any CPU
		{E5541371-D391-4417-8CB4-EEF26A51D71E}.Debug|Any CPU.Build.0 = Debug|Any CPU
		{E5541371-D391-4417-8CB4-EEF26A51D71E}.Release|Any CPU.ActiveCfg = Release|Any CPU
		{E5541371-D391-4417-8CB4-EEF26A51D71E}.Release|Any CPU.Build.0 = Release|Any CPU
		{C74232D7-1176-4814-B339-8078218DBF2F}.Debug|Any CPU.ActiveCfg = Debug|Any CPU
		{C74232D7-1176-4814-B339-8078218DBF2F}.Debug|Any CPU.Build.0 = Debug|Any CPU
		{C74232D7-1176-4814-B339-8078218DBF2F}.Release|Any CPU.ActiveCfg = Release|Any CPU
		{C74232D7-1176-4814-B339-8078218DBF2F}.Release|Any CPU.Build.0 = Release|Any CPU
		{4B858C12-3B34-4DDA-9821-BF731770D70B}.Debug|Any CPU.ActiveCfg = Debug|Any CPU
		{4B858C12-3B34-4DDA-9821-BF731770D70B}.Debug|Any CPU.Build.0 = Debug|Any CPU
		{4B858C12-3B34-4DDA-9821-BF731770D70B}.Release|Any CPU.ActiveCfg = Release|Any CPU
		{4B858C12-3B34-4DDA-9821-BF731770D70B}.Release|Any CPU.Build.0 = Release|Any CPU
		{4EBE0480-4EC6-4C5C-A964-021F04818677}.Debug|Any CPU.ActiveCfg = Debug|Any CPU
		{4EBE0480-4EC6-4C5C-A964-021F04818677}.Debug|Any CPU.Build.0 = Debug|Any CPU
		{4EBE0480-4EC6-4C5C-A964-021F04818677}.Release|Any CPU.ActiveCfg = Release|Any CPU
		{4EBE0480-4EC6-4C5C-A964-021F04818677}.Release|Any CPU.Build.0 = Release|Any CPU
		{1035FEA7-FAC1-4D12-8F8F-82318D064FED}.Debug|Any CPU.ActiveCfg = Debug|Any CPU
		{1035FEA7-FAC1-4D12-8F8F-82318D064FED}.Debug|Any CPU.Build.0 = Debug|Any CPU
		{1035FEA7-FAC1-4D12-8F8F-82318D064FED}.Release|Any CPU.ActiveCfg = Release|Any CPU
		{1035FEA7-FAC1-4D12-8F8F-82318D064FED}.Release|Any CPU.Build.0 = Release|Any CPU
	EndGlobalSection
	GlobalSection(SolutionProperties) = preSolution
		HideSolutionNode = FALSE
	EndGlobalSection
	GlobalSection(NestedProjects) = preSolution
		{D64725D3-9D39-4D46-A3E8-7EFA70F6C2B7} = {E2B88BC6-C640-4EDA-A689-45E62A86DC27}
		{E5541371-D391-4417-8CB4-EEF26A51D71E} = {E2B88BC6-C640-4EDA-A689-45E62A86DC27}
		{C74232D7-1176-4814-B339-8078218DBF2F} = {E2B88BC6-C640-4EDA-A689-45E62A86DC27}
		{4B858C12-3B34-4DDA-9821-BF731770D70B} = {E2B88BC6-C640-4EDA-A689-45E62A86DC27}
		{4EBE0480-4EC6-4C5C-A964-021F04818677} = {95362A89-6082-473A-A1B2-9886AB891E02}
	EndGlobalSection
	GlobalSection(ExtensibilityGlobals) = postSolution
		SolutionGuid = {B5E244B5-DC49-48E4-9F16-AF62439E8D9C}
	EndGlobalSection
EndGlobal
